hash: 60844ffb03c6bd4a65c56fdc99ed9f5d9459639c13e956d9cffc7018588853b2
updated: 2019-04-08T17:04:36.729916-07:00
imports:
- name: github.com/antlr/antlr4
  version: 837aa60e2c4736e242432c2ac93ed2de3b9eff3b
  subpackages:
  - runtime/Go/antlr
- name: github.com/apache/thrift
  version: b2a4d4ae21c789b689dd162deb819665567f481c
  subpackages:
  - lib/go/thrift
- name: github.com/beorn7/perks
  version: 3a771d992973f24aa725d07868b467d1ddfceafb
  subpackages:
  - quantile
- name: github.com/bkaradzic/go-lz4
  version: 7224d8d8f27ef618c0a95f1ae69dbb0488abc33a
- name: github.com/confluentinc/confluent-kafka-go
  version: 213e7cd9dd311f2fb7586c02cb61b1b3aa5a5e48
  subpackages:
  - kafka
- name: github.com/coreos/etcd
  version: a621d807f061e1dd635033a8d6bc261461429e27
  subpackages:
  - clientv3
  - clientv3/concurrency
  - etcdserver/api/v3rpc/rpctypes
- name: github.com/coreos/go-systemd
  version: 95778dfbb74eb7e4dbaf43bf7d71809650ef8076
  subpackages:
  - journal
- name: github.com/coreos/pkg
  version: 399ea9e2e55f791b6e3d920860dbecb99c3692f0
  subpackages:
  - capnslog
- name: github.com/curator-go/curator
  version: 8a961ea3b25229b9b328724b8b2059ab58c1d16b
- name: github.com/davecgh/go-spew
  version: 8991bc29aa16c548c550c7ff78260e27b9ab7c73
  subpackages:
  - spew
- name: github.com/emirpasic/gods
  version: b2394dfbb6314eeb616db55d1e01928f287da4b4
  subpackages:
  - containers
  - trees
  - trees/redblacktree
  - utils
- name: github.com/fsnotify/fsnotify
  version: c2828203cd70a50dcccfb2761f8b1f8ceef9a8e9
- name: github.com/getlantern/deepcopy
  version: 7f45deb8130a0acc553242eb0e009e3f6f3d9ce3
- name: github.com/gogo/protobuf
  version: 1adfc126b41513cc696b209667c8656ea7aac67c
  subpackages:
  - gogoproto
  - proto
  - protoc-gen-gogo/descriptor
- name: github.com/golang/mock
  version: 51421b967af1f557f93a59e0057aaf15ca02e29c
  subpackages:
  - gomock
- name: github.com/golang/protobuf
  version: b5d812f8a3706043e23a9cd5babf2e5423744d30
  subpackages:
  - proto
  - ptypes
  - ptypes/any
  - ptypes/duration
  - ptypes/timestamp
- name: github.com/google/uuid
  version: 0cd6bf5da1e1c83f8b45653022c74f71af0538a4
- name: github.com/gorilla/context
  version: 08b5f424b9271eedf6f9f0ce86cb9396ed337a42
- name: github.com/gorilla/handlers
  version: 90663712d74cb411cbef281bc1e08c19d1a76145
- name: github.com/gorilla/mux
  version: e3702bed27f0d39777b0b37b664b6280e8ef8fbf
- name: github.com/hashicorp/hcl
  version: 65a6292f0157eff210d03ed1bf6c59b190b8b906
  subpackages:
  - hcl/ast
  - hcl/parser
  - hcl/printer
  - hcl/scanner
  - hcl/strconv
  - hcl/token
  - json/parser
  - json/scanner
  - json/token
- name: github.com/inconshreveable/mousetrap
  version: 76626ae9c91c4f2a10f34cad8ce83ea42c93bb75
- name: github.com/m3db/m3
  version: 3315714561af37dcbb4a61f8bcccd6711e2a36a9
  subpackages:
  - cluster
  - src/cluster/client
  - src/cluster/client/etcd
  - src/cluster/etcd/watchmanager
  - src/cluster/generated/proto/metadatapb
  - src/cluster/generated/proto/placementpb
  - src/cluster/kv
  - src/cluster/kv/etcd
  - src/cluster/kv/util/runtime
  - src/cluster/placement
  - src/cluster/placement/algo
  - src/cluster/placement/selector
  - src/cluster/placement/service
  - src/cluster/placement/storage
  - src/cluster/services
  - src/cluster/services/heartbeat/etcd
  - src/cluster/services/leader
  - src/cluster/services/leader/campaign
  - src/cluster/services/leader/election
  - src/cluster/shard
  - src/m3em/build
  - src/m3em/checksum
  - src/m3em/generated/proto/heartbeat
  - src/m3em/generated/proto/m3em
  - src/m3em/node
  - src/m3em/os/fs
- name: github.com/m3db/m3x
  version: ebf3c7b94afd62bad2aaa3ad20bb2d4142aa342e
  subpackages:
  - clock
  - close
  - errors
  - instrument
  - log
  - process
  - retry
  - sync
  - watch
- name: github.com/m3db/prometheus_client_golang
  version: 8ae269d24972b8695572fa6b2e3718b5ea82d6b4
  subpackages:
  - prometheus
  - prometheus/promhttp
- name: github.com/m3db/prometheus_client_model
  version: 8b2299a4bf7d7fc10835527021716d4b4a6e8700
  subpackages:
  - go
- name: github.com/m3db/prometheus_common
  version: 25aaa3dff79bb48116615ebe1dea6a494b74ce77
  subpackages:
  - expfmt
  - internal/bitbucket.org/ww/goautoneg
  - model
- name: github.com/m3db/prometheus_procfs
  version: 1878d9fbb537119d24b21ca07effd591627cd160
- name: github.com/magiconair/properties
  version: 7757cc9fdb852f7579b24170bcacda2c7471bb6a
- name: github.com/matttproud/golang_protobuf_extensions
  version: c182affec369e30f25d3eb8cd8a478dee585ae7d
  subpackages:
  - pbutil
- name: github.com/MichaelTJones/pcg
  version: df440c6ed7ed8897ac98a408365e5e89c7becf1a
- name: github.com/mitchellh/mapstructure
  version: 3536a929edddb9a5b34bd6861dc4a9647cb459fe
- name: github.com/onsi/ginkgo
  version: eea6ad008b96acdaa524f5b409513bf062b500ad
  subpackages:
  - config
  - internal/codelocation
  - internal/containernode
  - internal/failer
  - internal/leafnodes
  - internal/remote
  - internal/spec
  - internal/spec_iterator
  - internal/specrunner
  - internal/suite
  - internal/testingtproxy
  - internal/writer
  - reporters
  - reporters/stenographer
  - reporters/stenographer/support/go-colorable
  - reporters/stenographer/support/go-isatty
  - types
- name: github.com/onsi/gomega
  version: 90e289841c1ed79b7a598a7cd9959750cb5e89e2
  subpackages:
  - format
  - internal/assertion
  - internal/asyncassertion
  - internal/oraclematcher
  - internal/testingtsupport
  - matchers
  - matchers/support/goraph/bipartitegraph
  - matchers/support/goraph/edge
  - matchers/support/goraph/node
  - matchers/support/goraph/util
  - types
- name: github.com/opentracing/opentracing-go
  version: 659c90643e714681897ec2521c60567dd21da733
  subpackages:
  - log
- name: github.com/pelletier/go-toml
  version: 27c6b39a135b7dc87a14afb068809132fb7a9a8f
- name: github.com/pkg/errors
  version: 645ef00459ed84a119197bfb8d8205042c6df63d
- name: github.com/pmezard/go-difflib
  version: 792786c7400a136282c1664665ae0a8db921c6c2
  subpackages:
  - difflib
- name: github.com/samuel/go-zookeeper
  version: c4fab1ac1bec58281ad0667dc3f0907a9476ac47
  subpackages:
  - zk
- name: github.com/satori/go.uuid
  version: 36e9d2ebbde5e3f13ab2e25625fd453271d6522e
- name: github.com/spf13/afero
  version: f4711e4db9e9a1d3887343acb72b2bbfc2f686f5
  subpackages:
  - mem
- name: github.com/spf13/cast
  version: 8c9545af88b134710ab1cd196795e7f2388358d7
- name: github.com/spf13/cobra
  version: 7547e83b2d85fd1893c7d76916f67689d761fecb
- name: github.com/spf13/jwalterweatherman
  version: 94f6ae3ed3bceceafa716478c5fbf8d29ca601a1
- name: github.com/spf13/pflag
  version: 24fa6976df40757dce6aea913e7b81ade90530e1
- name: github.com/spf13/viper
  version: d104d259b3380cb653bb793756823c3c41b37b53
- name: github.com/stretchr/objx
  version: 8a3f7159479fbc75b30357fbc48f380b7320f08e
- name: github.com/stretchr/testify
  version: ffdc059bfe9ce6a4e144ba849dbedead332c6053
  subpackages:
  - assert
  - mock
  - require
  - suite
- name: github.com/uber-go/tally
  version: e9a67ec1839e1f6e5133dbcca2f57bec12fdeda2
  subpackages:
  - m3
  - m3/customtransports
  - m3/thrift
  - m3/thriftudp
  - multi
  - prometheus
- name: github.com/uber/jaeger-client-go
  version: 1a782e2da844727691fef1757c72eb190c2909f0
  subpackages:
  - config
- name: go.etcd.io/etcd
  version: a621d807f061e1dd635033a8d6bc261461429e27
  subpackages:
  - auth/authpb
  - clientv3
  - clientv3/balancer
  - clientv3/balancer/picker
  - clientv3/balancer/resolver/endpoint
  - etcdserver/api/v3rpc/rpctypes
  - etcdserver/etcdserverpb
  - mvcc/mvccpb
  - pkg/logutil
  - pkg/systemd
  - pkg/types
  - raft
  - raft/raftpb
- name: go.uber.org/atomic
  version: 1ea20fb1cbb1cc08cbd0d913a96dead89aa18289
- name: go.uber.org/config
  version: c9c3d11a88c1a266ced73d92e22e1d36d2bc2ed6
  subpackages:
  - internal/merge
  - internal/unreachable
- name: go.uber.org/dig
  version: 7ff117f761a3f1b3eb521945c17a1091438eb6de
  subpackages:
  - internal/digreflect
  - internal/dot
- name: go.uber.org/fx
  version: 3de044da969b90ad0a3e4a7867a74662f645f3f9
  subpackages:
  - internal/fxlog
  - internal/fxreflect
  - internal/lifecycle
- name: go.uber.org/multierr
  version: 3c4937480c32f4c13a875a1829af76c98ca3d40a
- name: go.uber.org/zap
  version: ff33455a0e382e8a81d14dd7c922020b6b5e7982
  subpackages:
  - buffer
  - internal/bufferpool
  - internal/color
  - internal/exit
  - zapcore
- name: golang.org/x/net
  version: 4cb1c02c05b0e749b0365f61ae859a8e0cfceed9
  subpackages:
  - context
  - html
  - html/atom
  - html/charset
  - http/httpguts
  - http2
  - http2/hpack
  - idna
  - internal/timeseries
  - netutil
  - trace
- name: golang.org/x/sys
  version: 7138fd3d9dc8335c567ca206f4333fb75eb05d56
  subpackages:
  - unix
- name: golang.org/x/text
  version: f21a4dfb5e38f5895301dc265a8def02365cc3d0
  subpackages:
  - encoding
  - encoding/charmap
  - encoding/htmlindex
  - encoding/internal
  - encoding/internal/identifier
  - encoding/japanese
  - encoding/korean
  - encoding/simplifiedchinese
  - encoding/traditionalchinese
  - encoding/unicode
  - internal/tag
  - internal/utf8internal
  - language
  - runes
  - secure/bidirule
  - transform
  - unicode/bidi
  - unicode/norm
- name: google.golang.org/genproto
  version: 64821d5d210748c883cd2b809589555ae4654203
  subpackages:
  - googleapis/rpc/status
- name: google.golang.org/grpc
  version: 4abb3622b0fb97df222670b189869b44d0c2454d
  subpackages:
  - balancer
  - balancer/base
  - balancer/roundrobin
  - binarylog/grpc_binarylog_v1
  - codes
  - connectivity
  - credentials
  - credentials/internal
  - encoding
  - encoding/proto
  - grpclog
  - health/grpc_health_v1
  - internal
  - internal/backoff
  - internal/balancerload
  - internal/binarylog
  - internal/channelz
  - internal/envconfig
  - internal/grpcrand
  - internal/grpcsync
  - internal/syscall
  - internal/transport
  - keepalive
  - metadata
  - naming
  - peer
  - resolver
  - resolver/dns
  - resolver/passthrough
  - stats
  - status
  - tap
- name: gopkg.in/validator.v2
  version: 59c90c7046f643cbe0d4e7c8776c42a84ce75910
- name: gopkg.in/yaml.v2
  version: 51d6538a90f86fe93ac480b35f37b2be17fef232
testImports:
- name: github.com/hpcloud/tail
  version: a1dbeea552b7c8df4b542c66073e393de198a800
  subpackages:
  - ratelimiter
  - util
  - watch
  - winfile
- name: gopkg.in/fsnotify/fsnotify.v1
  version: c2828203cd70a50dcccfb2761f8b1f8ceef9a8e9
- name: gopkg.in/tomb.v1
  version: c131134a1947e9afd9cecfe11f4c6dff0732ae58
